
Microsoft Visual Studio Solution File, Format Version 12.00
# Visual Studio Version 17
VisualStudioVersion = 17.8.34330.188
MinimumVisualStudioVersion = 10.0.40219.1
Project("{FAE04EC0-301F-11D3-BF4B-00C04F79EFBC}") = "travelingExperience", "travelingExperience\travelingExperience.csproj", "{48FB80FE-91B4-44AC-8E8B-667906195E7A}"
EndProject
Global
	GlobalSection(SolutionConfigurationPlatforms) = preSolution
		Debug|Any CPU = Debug|Any CPU
		Release|Any CPU = Release|Any CPU
	EndGlobalSection
	GlobalSection(ProjectConfigurationPlatforms) = postSolution
		{48FB80FE-91B4-44AC-8E8B-667906195E7A}.Debug|Any CPU.ActiveCfg = Debug|Any CPU
		{48FB80FE-91B4-44AC-8E8B-667906195E7A}.Debug|Any CPU.Build.0 = Debug|Any CPU
		{48FB80FE-91B4-44AC-8E8B-667906195E7A}.Release|Any CPU.ActiveCfg = Release|Any CPU
		{48FB80FE-91B4-44AC-8E8B-667906195E7A}.Release|Any CPU.Build.0 = Release|Any CPU
	EndGlobalSection
	GlobalSection(SolutionProperties) = preSolution
		HideSolutionNode = FALSE
	EndGlobalSection
	GlobalSection(ExtensibilityGlobals) = postSolution
		SolutionGuid = {DE873E59-8A71-4698-BF7D-A16915B30274}
	EndGlobalSection
EndGlobal
